
Microsoft Visual Studio Solution File, Format Version 12.00
# Visual Studio Version 16
VisualStudioVersion = 16.0.29209.152
MinimumVisualStudioVersion = 10.0.40219.1
Project("{2150E333-8FDC-42A3-9474-1A3956D46DE8}") = "src", "src", "{5ABC6154-5DC5-43AC-B064-79FF74435948}"
EndProject
Project("{9A19103F-16F7-4668-BE54-9A1E7A4F7556}") = "BlazorApp1", "src\MyFirstBlazor\BlazorApp1\BlazorApp1.csproj", "{58D26EBE-D307-43D0-8EFB-12E2F6E12FA7}"
EndProject
Project("{9A19103F-16F7-4668-BE54-9A1E7A4F7556}") = "PizzaSPA.Server", "src\PizzaSPA\Server\PizzaSPA.Server.csproj", "{3EAAD2A0-EE18-4992-807C-5918F9E4A323}"
EndProject
Project("{9A19103F-16F7-4668-BE54-9A1E7A4F7556}") = "PizzaSPA.Client", "src\PizzaSPA\Client\PizzaSPA.Client.csproj", "{9DBE5267-9220-4217-8917-1A13DA91ECE0}"
EndProject
Project("{9A19103F-16F7-4668-BE54-9A1E7A4F7556}") = "PizzaSPA.Shared", "src\PizzaSPA\Shared\PizzaSPA.Shared.csproj", "{11ECAD5D-1701-4132-A35F-28FB587320E8}"
EndProject
Project("{2150E333-8FDC-42A3-9474-1A3956D46DE8}") = "PizzaSpa", "PizzaSpa", "{91F68350-2EE0-4F01-B2BD-12F2B6EA9E29}"
EndProject
Project("{9A19103F-16F7-4668-BE54-9A1E7A4F7556}") = "BlazorComponent", "src\MyFirstBlazor\BlazorComponent\BlazorComponent.csproj", "{5694D2D7-6CEF-476D-A2C7-CD2A0AD72261}"
EndProject
Project("{2150E333-8FDC-42A3-9474-1A3956D46DE8}") = "BlazorApp", "BlazorApp", "{E0398973-2AC5-4F40-8851-E2AB5F6738CC}"
EndProject
Global
	GlobalSection(SolutionConfigurationPlatforms) = preSolution
		Debug|Any CPU = Debug|Any CPU
		Release|Any CPU = Release|Any CPU
	EndGlobalSection
	GlobalSection(ProjectConfigurationPlatforms) = postSolution
		{58D26EBE-D307-43D0-8EFB-12E2F6E12FA7}.Debug|Any CPU.ActiveCfg = Debug|Any CPU
		{58D26EBE-D307-43D0-8EFB-12E2F6E12FA7}.Debug|Any CPU.Build.0 = Debug|Any CPU
		{58D26EBE-D307-43D0-8EFB-12E2F6E12FA7}.Release|Any CPU.ActiveCfg = Release|Any CPU
		{58D26EBE-D307-43D0-8EFB-12E2F6E12FA7}.Release|Any CPU.Build.0 = Release|Any CPU
		{3EAAD2A0-EE18-4992-807C-5918F9E4A323}.Debug|Any CPU.ActiveCfg = Debug|Any CPU
		{3EAAD2A0-EE18-4992-807C-5918F9E4A323}.Debug|Any CPU.Build.0 = Debug|Any CPU
		{3EAAD2A0-EE18-4992-807C-5918F9E4A323}.Release|Any CPU.ActiveCfg = Release|Any CPU
		{3EAAD2A0-EE18-4992-807C-5918F9E4A323}.Release|Any CPU.Build.0 = Release|Any CPU
		{9DBE5267-9220-4217-8917-1A13DA91ECE0}.Debug|Any CPU.ActiveCfg = Debug|Any CPU
		{9DBE5267-9220-4217-8917-1A13DA91ECE0}.Debug|Any CPU.Build.0 = Debug|Any CPU
		{9DBE5267-9220-4217-8917-1A13DA91ECE0}.Release|Any CPU.ActiveCfg = Release|Any CPU
		{9DBE5267-9220-4217-8917-1A13DA91ECE0}.Release|Any CPU.Build.0 = Release|Any CPU
		{11ECAD5D-1701-4132-A35F-28FB587320E8}.Debug|Any CPU.ActiveCfg = Debug|Any CPU
		{11ECAD5D-1701-4132-A35F-28FB587320E8}.Debug|Any CPU.Build.0 = Debug|Any CPU
		{11ECAD5D-1701-4132-A35F-28FB587320E8}.Release|Any CPU.ActiveCfg = Release|Any CPU
		{11ECAD5D-1701-4132-A35F-28FB587320E8}.Release|Any CPU.Build.0 = Release|Any CPU
		{5694D2D7-6CEF-476D-A2C7-CD2A0AD72261}.Debug|Any CPU.ActiveCfg = Debug|Any CPU
		{5694D2D7-6CEF-476D-A2C7-CD2A0AD72261}.Debug|Any CPU.Build.0 = Debug|Any CPU
		{5694D2D7-6CEF-476D-A2C7-CD2A0AD72261}.Release|Any CPU.ActiveCfg = Release|Any CPU
		{5694D2D7-6CEF-476D-A2C7-CD2A0AD72261}.Release|Any CPU.Build.0 = Release|Any CPU
	EndGlobalSection
	GlobalSection(SolutionProperties) = preSolution
		HideSolutionNode = FALSE
	EndGlobalSection
	GlobalSection(NestedProjects) = preSolution
		{58D26EBE-D307-43D0-8EFB-12E2F6E12FA7} = {E0398973-2AC5-4F40-8851-E2AB5F6738CC}
		{3EAAD2A0-EE18-4992-807C-5918F9E4A323} = {91F68350-2EE0-4F01-B2BD-12F2B6EA9E29}
		{9DBE5267-9220-4217-8917-1A13DA91ECE0} = {91F68350-2EE0-4F01-B2BD-12F2B6EA9E29}
		{11ECAD5D-1701-4132-A35F-28FB587320E8} = {91F68350-2EE0-4F01-B2BD-12F2B6EA9E29}
		{91F68350-2EE0-4F01-B2BD-12F2B6EA9E29} = {5ABC6154-5DC5-43AC-B064-79FF74435948}
		{5694D2D7-6CEF-476D-A2C7-CD2A0AD72261} = {E0398973-2AC5-4F40-8851-E2AB5F6738CC}
		{E0398973-2AC5-4F40-8851-E2AB5F6738CC} = {5ABC6154-5DC5-43AC-B064-79FF74435948}
	EndGlobalSection
	GlobalSection(ExtensibilityGlobals) = postSolution
		SolutionGuid = {F4371886-EB33-482E-AEFF-9B27EDEC4906}
	EndGlobalSection
EndGlobal
