
Microsoft Visual Studio Solution File, Format Version 12.00
# Visual Studio Version 16
VisualStudioVersion = 16.0.29209.152
MinimumVisualStudioVersion = 10.0.40219.1
Project("{2150E333-8FDC-42A3-9474-1A3956D46DE8}") = "src", "src", "{5ABC6154-5DC5-43AC-B064-79FF74435948}"
EndProject
Project("{FAE04EC0-301F-11D3-BF4B-00C04F79EFBC}") = "BlazorApp1", "src\MyFirstBlazor\BlazorApp1\BlazorApp1.csproj", "{58D26EBE-D307-43D0-8EFB-12E2F6E12FA7}"
EndProject
Global
	GlobalSection(SolutionConfigurationPlatforms) = preSolution
		Debug|Any CPU = Debug|Any CPU
		Release|Any CPU = Release|Any CPU
	EndGlobalSection
	GlobalSection(ProjectConfigurationPlatforms) = postSolution
		{58D26EBE-D307-43D0-8EFB-12E2F6E12FA7}.Debug|Any CPU.ActiveCfg = Debug|Any CPU
		{58D26EBE-D307-43D0-8EFB-12E2F6E12FA7}.Debug|Any CPU.Build.0 = Debug|Any CPU
		{58D26EBE-D307-43D0-8EFB-12E2F6E12FA7}.Release|Any CPU.ActiveCfg = Release|Any CPU
		{58D26EBE-D307-43D0-8EFB-12E2F6E12FA7}.Release|Any CPU.Build.0 = Release|Any CPU
	EndGlobalSection
	GlobalSection(SolutionProperties) = preSolution
		HideSolutionNode = FALSE
	EndGlobalSection
	GlobalSection(NestedProjects) = preSolution
		{58D26EBE-D307-43D0-8EFB-12E2F6E12FA7} = {5ABC6154-5DC5-43AC-B064-79FF74435948}
	EndGlobalSection
	GlobalSection(ExtensibilityGlobals) = postSolution
		SolutionGuid = {F4371886-EB33-482E-AEFF-9B27EDEC4906}
	EndGlobalSection
EndGlobal
